
Microsoft Visual Studio Solution File, Format Version 12.00
# Visual Studio Version 16
VisualStudioVersion = 16.0.30204.135
MinimumVisualStudioVersion = 10.0.40219.1
Project("{FAE04EC0-301F-11D3-BF4B-00C04F79EFBC}") = "Currencyproject", "Currencyproject.csproj", "{71471024-B8AC-428F-8893-451F81EC0D27}"
EndProject
Global
	GlobalSection(SolutionConfigurationPlatforms) = preSolution
		Debug|Any CPU = Debug|Any CPU
		Release|Any CPU = Release|Any CPU
	EndGlobalSection
	GlobalSection(ProjectConfigurationPlatforms) = postSolution
		{71471024-B8AC-428F-8893-451F81EC0D27}.Debug|Any CPU.ActiveCfg = Debug|Any CPU
		{71471024-B8AC-428F-8893-451F81EC0D27}.Debug|Any CPU.Build.0 = Debug|Any CPU
		{71471024-B8AC-428F-8893-451F81EC0D27}.Release|Any CPU.ActiveCfg = Release|Any CPU
		{71471024-B8AC-428F-8893-451F81EC0D27}.Release|Any CPU.Build.0 = Release|Any CPU
	EndGlobalSection
	GlobalSection(SolutionProperties) = preSolution
		HideSolutionNode = FALSE
	EndGlobalSection
	GlobalSection(ExtensibilityGlobals) = postSolution
		SolutionGuid = {673D66D3-7F6A-4A74-817B-4513D4F5625D}
	EndGlobalSection
EndGlobal
